
Microsoft Visual Studio Solution File, Format Version 12.00
# Visual Studio Version 16
VisualStudioVersion = 16.0.29709.97
MinimumVisualStudioVersion = 10.0.40219.1
Project("{FAE04EC0-301F-11D3-BF4B-00C04F79EFBC}") = "assignment4", "assignment4\assignment4.csproj", "{867856ED-9BC6-42A3-8D36-FFAE236F02B7}"
EndProject
Global
	GlobalSection(SolutionConfigurationPlatforms) = preSolution
		Debug|Any CPU = Debug|Any CPU
		Release|Any CPU = Release|Any CPU
	EndGlobalSection
	GlobalSection(ProjectConfigurationPlatforms) = postSolution
		{867856ED-9BC6-42A3-8D36-FFAE236F02B7}.Debug|Any CPU.ActiveCfg = Debug|Any CPU
		{867856ED-9BC6-42A3-8D36-FFAE236F02B7}.Debug|Any CPU.Build.0 = Debug|Any CPU
		{867856ED-9BC6-42A3-8D36-FFAE236F02B7}.Release|Any CPU.ActiveCfg = Release|Any CPU
		{867856ED-9BC6-42A3-8D36-FFAE236F02B7}.Release|Any CPU.Build.0 = Release|Any CPU
	EndGlobalSection
	GlobalSection(SolutionProperties) = preSolution
		HideSolutionNode = FALSE
	EndGlobalSection
	GlobalSection(ExtensibilityGlobals) = postSolution
		SolutionGuid = {A8405122-8917-41B6-9BA3-4161958C549F}
	EndGlobalSection
EndGlobal
